Microsoft Visual Studio Solution File, Format Version 12.00
# Visual Studio Version 17
VisualStudioVersion = 17.5.2.0
MinimumVisualStudioVersion = 10.0.40219.1
Project("{FAE04EC0-301F-11D3-BF4B-00C04F79EFBC}") = "abu-dhabi", "src\abu-dhabi.csproj", "{F4B2BC22-A83E-1C10-CB4D-C8B4007032A6}"
EndProject
Global
	GlobalSection(SolutionConfigurationPlatforms) = preSolution
		Debug|Any CPU = Debug|Any CPU
		Release|Any CPU = Release|Any CPU
	EndGlobalSection
	GlobalSection(ProjectConfigurationPlatforms) = postSolution
		{F4B2BC22-A83E-1C10-CB4D-C8B4007032A6}.Debug|Any CPU.ActiveCfg = Debug|Any CPU
		{F4B2BC22-A83E-1C10-CB4D-C8B4007032A6}.Debug|Any CPU.Build.0 = Debug|Any CPU
		{F4B2BC22-A83E-1C10-CB4D-C8B4007032A6}.Release|Any CPU.ActiveCfg = Release|Any CPU
		{F4B2BC22-A83E-1C10-CB4D-C8B4007032A6}.Release|Any CPU.Build.0 = Release|Any CPU
	EndGlobalSection
	GlobalSection(SolutionProperties) = preSolution
		HideSolutionNode = FALSE
	EndGlobalSection
	GlobalSection(ExtensibilityGlobals) = postSolution
		SolutionGuid = {FF5F37D1-25AE-4632-8EF1-AA04DD4182DC}
	EndGlobalSection
EndGlobal
